// !$*UTF8*$!
{
	archiveVersion = 1;
	classes = {
	};
	objectVersion = 56;
	objects = {

/* Begin PBXBuildFile section */
		FE9B5EA6293DDB5C003F8807 /* AppDelegate.swift in Sources */ = {isa = PBXBuildFile; fileRef = FE9B5EA5293DDB5C003F8807 /* AppDelegate.swift */; };
		FE9B5EA8293DDB5C003F8807 /* SceneDelegate.swift in Sources */ = {isa = PBXBuildFile; fileRef = FE9B5EA7293DDB5C003F8807 /* SceneDelegate.swift */; };
		FE9B5EAF293DDB5D003F8807 /* Assets.xcassets in Resources */ = {isa = PBXBuildFile; fileRef = FE9B5EAE293DDB5D003F8807 /* Assets.xcassets */; };
		FE9B5EB2293DDB5D003F8807 /* LaunchScreen.storyboard in Resources */ = {isa = PBXBuildFile; fileRef = FE9B5EB0293DDB5D003F8807 /* LaunchScreen.storyboard */; };
		FE9B5EBA293DDF62003F8807 /* TaskViewController.swift in Sources */ = {isa = PBXBuildFile; fileRef = FE9B5EB9293DDF62003F8807 /* TaskViewController.swift */; };
		FE9B5EBC293DE6B1003F8807 /* Task.swift in Sources */ = {isa = PBXBuildFile; fileRef = FE9B5EBB293DE6B1003F8807 /* Task.swift */; };
		FE9B5EBE293DE6BF003F8807 /* TaskAPI.swift in Sources */ = {isa = PBXBuildFile; fileRef = FE9B5EBD293DE6BF003F8807 /* TaskAPI.swift */; };
		FE9B5EC2293DE8C4003F8807 /* TaskTableViewCell.swift in Sources */ = {isa = PBXBuildFile; fileRef = FE9B5EC1293DE8C4003F8807 /* TaskTableViewCell.swift */; };
/* End PBXBuildFile section */

/* Begin PBXFileReference section */
		FE9B5EA2293DDB5C003F8807 /* TableView_v5.app */ = {isa = PBXFileReference; explicitFileType = wrapper.application; includeInIndex = 0; path = TableView_v5.app; sourceTree = BUILT_PRODUCTS_DIR; };
		FE9B5EA5293DDB5C003F8807 /* AppDelegate.swift */ = {isa = PBXFileReference; lastKnownFileType = sourcecode.swift; path = AppDelegate.swift; sourceTree = "<group>"; };
		FE9B5EA7293DDB5C003F8807 /* SceneDelegate.swift */ = {isa = PBXFileReference; lastKnownFileType = sourcecode.swift; path = SceneDelegate.swift; sourceTree = "<group>"; };
		FE9B5EAE293DDB5D003F8807 /* Assets.xcassets */ = {isa = PBXFileReference; lastKnownFileType = folder.assetcatalog; path = Assets.xcassets; sourceTree = "<group>"; };
		FE9B5EB1293DDB5D003F8807 /* Base */ = {isa = PBXFileReference; lastKnownFileType = file.storyboard; name = Base; path = Base.lproj/LaunchScreen.storyboard; sourceTree = "<group>"; };
		FE9B5EB3293DDB5D003F8807 /* Info.plist */ = {isa = PBXFileReference; lastKnownFileType = text.plist.xml; path = Info.plist; sourceTree = "<group>"; };
		FE9B5EB9293DDF62003F8807 /* TaskViewController.swift */ = {isa = PBXFileReference; lastKnownFileType = sourcecode.swift; path = TaskViewController.swift; sourceTree = "<group>"; };
		FE9B5EBB293DE6B1003F8807 /* Task.swift */ = {isa = PBXFileReference; lastKnownFileType = sourcecode.swift; path = Task.swift; sourceTree = "<group>"; };
		FE9B5EBD293DE6BF003F8807 /* TaskAPI.swift */ = {isa = PBXFileReference; lastKnownFileType = sourcecode.swift; path = TaskAPI.swift; sourceTree = "<group>"; };
		FE9B5EC1293DE8C4003F8807 /* TaskTableViewCell.swift */ = {isa = PBXFileReference; lastKnownFileType = sourcecode.swift; path = TaskTableViewCell.swift; sourceTree = "<group>"; };
/* End PBXFileReference section */

/* Begin PBXFrameworksBuildPhase section */
		FE9B5E9F293DDB5C003F8807 /* Frameworks */ = {
			isa = PBXFrameworksBuildPhase;
			buildActionMask = 2147483647;
			files = (
			);
			runOnlyForDeploymentPostprocessing = 0;
		};
/* End PBXFrameworksBuildPhase section */

/* Begin PBXGroup section */
		FE9B5E99293DDB5C003F8807 = {
			isa = PBXGroup;
			children = (
				FE9B5EA4293DDB5C003F8807 /* TableView_v5 */,
				FE9B5EA3293DDB5C003F8807 /* Products */,
			);
			sourceTree = "<group>";
		};
		FE9B5EA3293DDB5C003F8807 /* Products */ = {
			isa = PBXGroup;
			children = (
				FE9B5EA2293DDB5C003F8807 /* TableView_v5.app */,
			);
			name = Products;
			sourceTree = "<group>";
		};
		FE9B5EA4293DDB5C003F8807 /* TableView_v5 */ = {
			isa = PBXGroup;
			children = (
				FE9B5EA5293DDB5C003F8807 /* AppDelegate.swift */,
				FE9B5EA7293DDB5C003F8807 /* SceneDelegate.swift */,
				FE9B5EAE293DDB5D003F8807 /* Assets.xcassets */,
				FE9B5EB0293DDB5D003F8807 /* LaunchScreen.storyboard */,
				FE9B5EB3293DDB5D003F8807 /* Info.plist */,
				FE9B5EB9293DDF62003F8807 /* TaskViewController.swift */,
				FE9B5EBB293DE6B1003F8807 /* Task.swift */,
				FE9B5EBD293DE6BF003F8807 /* TaskAPI.swift */,
				FE9B5EC1293DE8C4003F8807 /* TaskTableViewCell.swift */,
			);
			path = TableView_v5;
			sourceTree = "<group>";
		};
/* End PBXGroup section */

/* Begin PBXNativeTarget section */
		FE9B5EA1293DDB5C003F8807 /* TableView_v5 */ = {
			isa = PBXNativeTarget;
			buildConfigurationList = FE9B5EB6293DDB5D003F8807 /* Build configuration list for PBXNativeTarget "TableView_v5" */;
			buildPhases = (
				FE9B5E9E293DDB5C003F8807 /* Sources */,
				FE9B5E9F293DDB5C003F8807 /* Frameworks */,
				FE9B5EA0293DDB5C003F8807 /* Resources */,
			);
			buildRules = (
			);
			dependencies = (
			);
			name = TableView_v5;
			productName = TableView_v5;
			productReference = FE9B5EA2293DDB5C003F8807 /* TableView_v5.app */;
			productType = "com.apple.product-type.application";
		};
/* End PBXNativeTarget section */

/* Begin PBXProject section */
		FE9B5E9A293DDB5C003F8807 /* Project object */ = {
			isa = PBXProject;
			attributes = {
				BuildIndependentTargetsInParallel = 1;
				LastSwiftUpdateCheck = 1400;
				LastUpgradeCheck = 1400;
				TargetAttributes = {
					FE9B5EA1293DDB5C003F8807 = {
						CreatedOnToolsVersion = 14.0.1;
					};
				};
			};
			buildConfigurationList = FE9B5E9D293DDB5C003F8807 /* Build configuration list for PBXProject "TableView_v5" */;
			compatibilityVersion = "Xcode 14.0";
			developmentRegion = en;
			hasScannedForEncodings = 0;
			knownRegions = (
				en,
				Base,
			);
			mainGroup = FE9B5E99293DDB5C003F8807;
			productRefGroup = FE9B5EA3293DDB5C003F8807 /* Products */;
			projectDirPath = "";
			projectRoot = "";
			targets = (
				FE9B5EA1293DDB5C003F8807 /* TableView_v5 */,
			);
		};
/* End PBXProject section */

/* Begin PBXResourcesBuildPhase section */
		FE9B5EA0293DDB5C003F8807 /* Resources */ = {
			isa = PBXResourcesBuildPhase;
			buildActionMask = 2147483647;
			files = (
				FE9B5EB2293DDB5D003F8807 /* LaunchScreen.storyboard in Resources */,
				FE9B5EAF293DDB5D003F8807 /* Assets.xcassets in Resources */,
			);
			runOnlyForDeploymentPostprocessing = 0;
		};
/* End PBXResourcesBuildPhase section */

/* Begin PBXSourcesBuildPhase section */
		FE9B5E9E293DDB5C003F8807 /* Sources */ = {
			isa = PBXSourcesBuildPhase;
			buildActionMask = 2147483647;
			files = (
				FE9B5EBC293DE6B1003F8807 /* Task.swift in Sources */,
				FE9B5EA6293DDB5C003F8807 /* AppDelegate.swift in Sources */,
				FE9B5EA8293DDB5C003F8807 /* SceneDelegate.swift in Sources */,
				FE9B5EC2293DE8C4003F8807 /* TaskTableViewCell.swift in Sources */,
				FE9B5EBA293DDF62003F8807 /* TaskViewController.swift in Sources */,
				FE9B5EBE293DE6BF003F8807 /* TaskAPI.swift in Sources */,
			);
			runOnlyForDeploymentPostprocessing = 0;
		};
/* End PBXSourcesBuildPhase section */

/* Begin PBXVariantGroup section */
		FE9B5EB0293DDB5D003F8807 /* LaunchScreen.storyboard */ = {
			isa = PBXVariantGroup;
			children = (
				FE9B5EB1293DDB5D003F8807 /* Base */,
			);
			name = LaunchScreen.storyboard;
			sourceTree = "<group>";
		};
/* End PBXVariantGroup section */

/* Begin XCBuildConfiguration section */
		FE9B5EB4293DDB5D003F8807 /* Debug */ = {
			isa = XCBuildConfiguration;
			buildSettings = {
				ALWAYS_SEARCH_USER_PATHS = NO;
				CLANG_ANALYZER_NONNULL = YES;
				CLANG_ANALYZER_NUMBER_OBJECT_CONVERSION = YES_AGGRESSIVE;
				CLANG_CXX_LANGUAGE_STANDARD = "gnu++20";
				CLANG_ENABLE_MODULES = YES;
				CLANG_ENABLE_OBJC_ARC = YES;
				CLANG_ENABLE_OBJC_WEAK = YES;
				CLANG_WARN_BLOCK_CAPTURE_AUTORELEASING = YES;
				CLANG_WARN_BOOL_CONVERSION = YES;
				CLANG_WARN_COMMA = YES;
				CLANG_WARN_CONSTANT_CONVERSION = YES;
				CLANG_WARN_DEPRECATED_OBJC_IMPLEMENTATIONS = YES;
				CLANG_WARN_DIRECT_OBJC_ISA_USAGE = YES_ERROR;
				CLANG_WARN_DOCUMENTATION_COMMENTS = YES;
				CLANG_WARN_EMPTY_BODY = YES;
				CLANG_WARN_ENUM_CONVERSION = YES;
				CLANG_WARN_INFINITE_RECURSION = YES;
				CLANG_WARN_INT_CONVERSION = YES;
				CLANG_WARN_NON_LITERAL_NULL_CONVERSION = YES;
				CLANG_WARN_OBJC_IMPLICIT_RETAIN_SELF = YES;
				CLANG_WARN_OBJC_LITERAL_CONVERSION = YES;
				CLANG_WARN_OBJC_ROOT_CLASS = YES_ERROR;
				CLANG_WARN_QUOTED_INCLUDE_IN_FRAMEWORK_HEADER = YES;
				CLANG_WARN_RANGE_LOOP_ANALYSIS = YES;
				CLANG_WARN_STRICT_PROTOTYPES = YES;
				CLANG_WARN_SUSPICIOUS_MOVE = YES;
				CLANG_WARN_UNGUARDED_AVAILABILITY = YES_AGGRESSIVE;
				CLANG_WARN_UNREACHABLE_CODE = YES;
				CLANG_WARN__DUPLICATE_METHOD_MATCH = YES;
				COPY_PHASE_STRIP = NO;
				DEBUG_INFORMATION_FORMAT = dwarf;
				ENABLE_STRICT_OBJC_MSGSEND = YES;
				ENABLE_TESTABILITY = YES;
				GCC_C_LANGUAGE_STANDARD = gnu11;
				GCC_DYNAMIC_NO_PIC = NO;
				GCC_NO_COMMON_BLOCKS = YES;
				GCC_OPTIMIZATION_LEVEL = 0;
				GCC_PREPROCESSOR_DEFINITIONS = (
					"DEBUG=1",
					"$(inherited)",
				);
				GCC_WARN_64_TO_32_BIT_CONVERSION = YES;
				GCC_WARN_ABOUT_RETURN_TYPE = YES_ERROR;
				GCC_WARN_UNDECLARED_SELECTOR = YES;
				GCC_WARN_UNINITIALIZED_AUTOS = YES_AGGRESSIVE;
				GCC_WARN_UNUSED_FUNCTION = YES;
				GCC_WARN_UNUSED_VARIABLE = YES;
				IPHONEOS_DEPLOYMENT_TARGET = 16.0;
				MTL_ENABLE_DEBUG_INFO = INCLUDE_SOURCE;
				MTL_FAST_MATH = YES;
				ONLY_ACTIVE_ARCH = YES;
				SDKROOT = iphoneos;
				SWIFT_ACTIVE_COMPILATION_CONDITIONS = DEBUG;
				SWIFT_OPTIMIZATION_LEVEL = "-Onone";
			};
			name = Debug;
		};
		FE9B5EB5293DDB5D003F8807 /* Release */ = {
			isa = XCBuildConfiguration;
			buildSettings = {
				ALWAYS_SEARCH_USER_PATHS = NO;
				CLANG_ANALYZER_NONNULL = YES;
				CLANG_ANALYZER_NUMBER_OBJECT_CONVERSION = YES_AGGRESSIVE;
				CLANG_CXX_LANGUAGE_STANDARD = "gnu++20";
				CLANG_ENABLE_MODULES = YES;
				CLANG_ENABLE_OBJC_ARC = YES;
				CLANG_ENABLE_OBJC_WEAK = YES;
				CLANG_WARN_BLOCK_CAPTURE_AUTORELEASING = YES;
				CLANG_WARN_BOOL_CONVERSION = YES;
				CLANG_WARN_COMMA = YES;
				CLANG_WARN_CONSTANT_CONVERSION = YES;
				CLANG_WARN_DEPRECATED_OBJC_IMPLEMENTATIONS = YES;
				CLANG_WARN_DIRECT_OBJC_ISA_USAGE = YES_ERROR;
				CLANG_WARN_DOCUMENTATION_COMMENTS = YES;
				CLANG_WARN_EMPTY_BODY = YES;
				CLANG_WARN_ENUM_CONVERSION = YES;
				CLANG_WARN_INFINITE_RECURSION = YES;
				CLANG_WARN_INT_CONVERSION = YES;
				CLANG_WARN_NON_LITERAL_NULL_CONVERSION = YES;
				CLANG_WARN_OBJC_IMPLICIT_RETAIN_SELF = YES;
				CLANG_WARN_OBJC_LITERAL_CONVERSION = YES;
				CLANG_WARN_OBJC_ROOT_CLASS = YES_ERROR;
				CLANG_WARN_QUOTED_INCLUDE_IN_FRAMEWORK_HEADER = YES;
				CLANG_WARN_RANGE_LOOP_ANALYSIS = YES;
				CLANG_WARN_STRICT_PROTOTYPES = YES;
				CLANG_WARN_SUSPICIOUS_MOVE = YES;
				CLANG_WARN_UNGUARDED_AVAILABILITY = YES_AGGRESSIVE;
				CLANG_WARN_UNREACHABLE_CODE = YES;
				CLANG_WARN__DUPLICATE_METHOD_MATCH = YES;
				COPY_PHASE_STRIP = NO;
				DEBUG_INFORMATION_FORMAT = "dwarf-with-dsym";
				ENABLE_NS_ASSERTIONS = NO;
				ENABLE_STRICT_OBJC_MSGSEND = YES;
				GCC_C_LANGUAGE_STANDARD = gnu11;
				GCC_NO_COMMON_BLOCKS = YES;
				GCC_WARN_64_TO_32_BIT_CONVERSION = YES;
				GCC_WARN_ABOUT_RETURN_TYPE = YES_ERROR;
				GCC_WARN_UNDECLARED_SELECTOR = YES;
				GCC_WARN_UNINITIALIZED_AUTOS = YES_AGGRESSIVE;
				GCC_WARN_UNUSED_FUNCTION = YES;
				GCC_WARN_UNUSED_VARIABLE = YES;
				IPHONEOS_DEPLOYMENT_TARGET = 16.0;
				MTL_ENABLE_DEBUG_INFO = NO;
				MTL_FAST_MATH = YES;
				SDKROOT = iphoneos;
				SWIFT_COMPILATION_MODE = wholemodule;
				SWIFT_OPTIMIZATION_LEVEL = "-O";
				VALIDATE_PRODUCT = YES;
			};
			name = Release;
		};
		FE9B5EB7293DDB5D003F8807 /* Debug */ = {
			isa = XCBuildConfiguration;
			buildSettings = {
				ASSETCATALOG_COMPILER_APPICON_NAME = AppIcon;
				ASSETCATALOG_COMPILER_GLOBAL_ACCENT_COLOR_NAME = AccentColor;
				CODE_SIGN_STYLE = Automatic;
				CURRENT_PROJECT_VERSION = 1;
				DEVELOPMENT_TEAM = AX62LW76RU;
				GENERATE_INFOPLIST_FILE = YES;
				INFOPLIST_FILE = TableView_v5/Info.plist;
				INFOPLIST_KEY_UIApplicationSupportsIndirectInputEvents = YES;
				INFOPLIST_KEY_UILaunchStoryboardName = LaunchScreen;
				INFOPLIST_KEY_UISupportedInterfaceOrientations_iPad = "UIInterfaceOrientationPortrait UIInterfaceOrientationPortraitUpsideDown UIInterfaceOrientationLandscapeLeft UIInterfaceOrientationLandscapeRight";
				INFOPLIST_KEY_UISupportedInterfaceOrientations_iPhone = "UIInterfaceOrientationPortrait UIInterfaceOrientationLandscapeLeft UIInterfaceOrientationLandscapeRight";
				LD_RUNPATH_SEARCH_PATHS = (
					"$(inherited)",
					"@executable_path/Frameworks",
				);
				MARKETING_VERSION = 1.0;
				PRODUCT_BUNDLE_IDENTIFIER = "JackDaw.TableView-v5";
				PRODUCT_NAME = "$(TARGET_NAME)";
				SWIFT_EMIT_LOC_STRINGS = YES;
				SWIFT_VERSION = 5.0;
				TARGETED_DEVICE_FAMILY = "1,2";
			};
			name = Debug;
		};
		FE9B5EB8293DDB5D003F8807 /* Release */ = {
			isa = XCBuildConfiguration;
			buildSettings = {
				ASSETCATALOG_COMPILER_APPICON_NAME = AppIcon;
				ASSETCATALOG_COMPILER_GLOBAL_ACCENT_COLOR_NAME = AccentColor;
				CODE_SIGN_STYLE = Automatic;
				CURRENT_PROJECT_VERSION = 1;
				DEVELOPMENT_TEAM = AX62LW76RU;
				GENERATE_INFOPLIST_FILE = YES;
				INFOPLIST_FILE = TableView_v5/Info.plist;
				INFOPLIST_KEY_UIApplicationSupportsIndirectInputEvents = YES;
				INFOPLIST_KEY_UILaunchStoryboardName = LaunchScreen;
				INFOPLIST_KEY_UISupportedInterfaceOrientations_iPad = "UIInterfaceOrientationPortrait UIInterfaceOrientationPortraitUpsideDown UIInterfaceOrientationLandscapeLeft UIInterfaceOrientationLandscapeRight";
				INFOPLIST_KEY_UISupportedInterfaceOrientations_iPhone = "UIInterfaceOrientationPortrait UIInterfaceOrientationLandscapeLeft UIInterfaceOrientationLandscapeRight";
				LD_RUNPATH_SEARCH_PATHS = (
					"$(inherited)",
					"@executable_path/Frameworks",
				);
				MARKETING_VERSION = 1.0;
				PRODUCT_BUNDLE_IDENTIFIER = "JackDaw.TableView-v5";
				PRODUCT_NAME = "$(TARGET_NAME)";
				SWIFT_EMIT_LOC_STRINGS = YES;
				SWIFT_VERSION = 5.0;
				TARGETED_DEVICE_FAMILY = "1,2";
			};
			name = Release;
		};
/* End XCBuildConfiguration section */

/* Begin XCConfigurationList section */
		FE9B5E9D293DDB5C003F8807 /* Build configuration list for PBXProject "TableView_v5" */ = {
			isa = XCConfigurationList;
			buildConfigurations = (
				FE9B5EB4293DDB5D003F8807 /* Debug */,
				FE9B5EB5293DDB5D003F8807 /* Release */,
			);
			defaultConfigurationIsVisible = 0;
			defaultConfigurationName = Release;
		};
		FE9B5EB6293DDB5D003F8807 /* Build configuration list for PBXNativeTarget "TableView_v5" */ = {
			isa = XCConfigurationList;
			buildConfigurations = (
				FE9B5EB7293DDB5D003F8807 /* Debug */,
				FE9B5EB8293DDB5D003F8807 /* Release */,
			);
			defaultConfigurationIsVisible = 0;
			defaultConfigurationName = Release;
		};
/* End XCConfigurationList section */
	};
	rootObject = FE9B5E9A293DDB5C003F8807 /* Project object */;
}
